// !$*UTF8*$!
{
	archiveVersion = 1;
	classes = {
	};
	objectVersion = 46;
	objects = {

/* Begin PBXBuildFile section */
		12C9E796DAFC3EAA16667E57 /* libPods-Grabr.a in Frameworks */ = {isa = PBXBuildFile; fileRef = 7E8FD05780C1AA4572883C73 /* libPods-Grabr.a */; };
		DDD285171B1A80710087D5F9 /* main.m in Sources */ = {isa = PBXBuildFile; fileRef = DDD285161B1A80710087D5F9 /* main.m */; };
		DDD2851A1B1A80710087D5F9 /* AppDelegate.m in Sources */ = {isa = PBXBuildFile; fileRef = DDD285191B1A80710087D5F9 /* AppDelegate.m */; };
		DDD2851D1B1A80710087D5F9 /* FirstViewController.m in Sources */ = {isa = PBXBuildFile; fileRef = DDD2851C1B1A80710087D5F9 /* FirstViewController.m */; };
		DDD285201B1A80710087D5F9 /* SecondViewController.m in Sources */ = {isa = PBXBuildFile; fileRef = DDD2851F1B1A80710087D5F9 /* SecondViewController.m */; };
		DDD285231B1A80710087D5F9 /* Main.storyboard in Resources */ = {isa = PBXBuildFile; fileRef = DDD285211B1A80710087D5F9 /* Main.storyboard */; };
		DDD285251B1A80710087D5F9 /* Images.xcassets in Resources */ = {isa = PBXBuildFile; fileRef = DDD285241B1A80710087D5F9 /* Images.xcassets */; };
		DDD285281B1A80710087D5F9 /* LaunchScreen.xib in Resources */ = {isa = PBXBuildFile; fileRef = DDD285261B1A80710087D5F9 /* LaunchScreen.xib */; };
		DDD285341B1A80710087D5F9 /* GrabrTests.m in Sources */ = {isa = PBXBuildFile; fileRef = DDD285331B1A80710087D5F9 /* GrabrTests.m */; };
/* End PBXBuildFile section */

/* Begin PBXContainerItemProxy section */
		DDD2852E1B1A80710087D5F9 /* PBXContainerItemProxy */ = {
			isa = PBXContainerItemProxy;
			containerPortal = DDD285091B1A80710087D5F9 /* Project object */;
			proxyType = 1;
			remoteGlobalIDString = DDD285101B1A80710087D5F9;
			remoteInfo = Grabr;
		};
/* End PBXContainerItemProxy section */

/* Begin PBXFileReference section */
		7E8FD05780C1AA4572883C73 /* libPods-Grabr.a */ = {isa = PBXFileReference; explicitFileType = archive.ar; includeInIndex = 0; path = "libPods-Grabr.a"; sourceTree = BUILT_PRODUCTS_DIR; };
		95CE73F5800CC160FF811019 /* Pods-Grabr.debug.xcconfig */ = {isa = PBXFileReference; includeInIndex = 1; lastKnownFileType = text.xcconfig; name = "Pods-Grabr.debug.xcconfig"; path = "Pods/Target Support Files/Pods-Grabr/Pods-Grabr.debug.xcconfig"; sourceTree = "<group>"; };
		DDD285111B1A80710087D5F9 /* Grabr.app */ = {isa = PBXFileReference; explicitFileType = wrapper.application; includeInIndex = 0; path = Grabr.app; sourceTree = BUILT_PRODUCTS_DIR; };
		DDD285151B1A80710087D5F9 /* Info.plist */ = {isa = PBXFileReference; lastKnownFileType = text.plist.xml; path = Info.plist; sourceTree = "<group>"; };
		DDD285161B1A80710087D5F9 /* main.m */ = {isa = PBXFileReference; lastKnownFileType = sourcecode.c.objc; path = main.m; sourceTree = "<group>"; };
		DDD285181B1A80710087D5F9 /* AppDelegate.h */ = {isa = PBXFileReference; lastKnownFileType = sourcecode.c.h; path = AppDelegate.h; sourceTree = "<group>"; };
		DDD285191B1A80710087D5F9 /* AppDelegate.m */ = {isa = PBXFileReference; lastKnownFileType = sourcecode.c.objc; path = AppDelegate.m; sourceTree = "<group>"; };
		DDD2851B1B1A80710087D5F9 /* FirstViewController.h */ = {isa = PBXFileReference; lastKnownFileType = sourcecode.c.h; path = FirstViewController.h; sourceTree = "<group>"; };
		DDD2851C1B1A80710087D5F9 /* FirstViewController.m */ = {isa = PBXFileReference; lastKnownFileType = sourcecode.c.objc; path = FirstViewController.m; sourceTree = "<group>"; };
		DDD2851E1B1A80710087D5F9 /* SecondViewController.h */ = {isa = PBXFileReference; lastKnownFileType = sourcecode.c.h; path = SecondViewController.h; sourceTree = "<group>"; };
		DDD2851F1B1A80710087D5F9 /* SecondViewController.m */ = {isa = PBXFileReference; lastKnownFileType = sourcecode.c.objc; path = SecondViewController.m; sourceTree = "<group>"; };
		DDD285221B1A80710087D5F9 /* Base */ = {isa = PBXFileReference; lastKnownFileType = file.storyboard; name = Base; path = Base.lproj/Main.storyboard; sourceTree = "<group>"; };
		DDD285241B1A80710087D5F9 /* Images.xcassets */ = {isa = PBXFileReference; lastKnownFileType = folder.assetcatalog; path = Images.xcassets; sourceTree = "<group>"; };
		DDD285271B1A80710087D5F9 /* Base */ = {isa = PBXFileReference; lastKnownFileType = file.xib; name = Base; path = Base.lproj/LaunchScreen.xib; sourceTree = "<group>"; };
		DDD2852D1B1A80710087D5F9 /* GrabrTests.xctest */ = {isa = PBXFileReference; explicitFileType = wrapper.cfbundle; includeInIndex = 0; path = GrabrTests.xctest; sourceTree = BUILT_PRODUCTS_DIR; };
		DDD285321B1A80710087D5F9 /* Info.plist */ = {isa = PBXFileReference; lastKnownFileType = text.plist.xml; path = Info.plist; sourceTree = "<group>"; };
		DDD285331B1A80710087D5F9 /* GrabrTests.m */ = {isa = PBXFileReference; lastKnownFileType = sourcecode.c.objc; path = GrabrTests.m; sourceTree = "<group>"; };
		EF00066539455BFC4EE5FEE2 /* Pods-Grabr.release.xcconfig */ = {isa = PBXFileReference; includeInIndex = 1; lastKnownFileType = text.xcconfig; name = "Pods-Grabr.release.xcconfig"; path = "Pods/Target Support Files/Pods-Grabr/Pods-Grabr.release.xcconfig"; sourceTree = "<group>"; };
/* End PBXFileReference section */

/* Begin PBXFrameworksBuildPhase section */
		DDD2850E1B1A80710087D5F9 /* Frameworks */ = {
			isa = PBXFrameworksBuildPhase;
			buildActionMask = 2147483647;
			files = (
				12C9E796DAFC3EAA16667E57 /* libPods-Grabr.a in Frameworks */,
			);
			runOnlyForDeploymentPostprocessing = 0;
		};
		DDD2852A1B1A80710087D5F9 /* Frameworks */ = {
			isa = PBXFrameworksBuildPhase;
			buildActionMask = 2147483647;
			files = (
			);
			runOnlyForDeploymentPostprocessing = 0;
		};
/* End PBXFrameworksBuildPhase section */

/* Begin PBXGroup section */
		AA0E60483621FD769FB08609 /* Frameworks */ = {
			isa = PBXGroup;
			children = (
				7E8FD05780C1AA4572883C73 /* libPods-Grabr.a */,
			);
			name = Frameworks;
			sourceTree = "<group>";
		};
		BB74BD63F7CC14022421E00D /* Pods */ = {
			isa = PBXGroup;
			children = (
				95CE73F5800CC160FF811019 /* Pods-Grabr.debug.xcconfig */,
				EF00066539455BFC4EE5FEE2 /* Pods-Grabr.release.xcconfig */,
			);
			name = Pods;
			sourceTree = "<group>";
		};
		DDD285081B1A80710087D5F9 = {
			isa = PBXGroup;
			children = (
				DDD285131B1A80710087D5F9 /* Grabr */,
				DDD285301B1A80710087D5F9 /* GrabrTests */,
				DDD285121B1A80710087D5F9 /* Products */,
				BB74BD63F7CC14022421E00D /* Pods */,
				AA0E60483621FD769FB08609 /* Frameworks */,
			);
			sourceTree = "<group>";
		};
		DDD285121B1A80710087D5F9 /* Products */ = {
			isa = PBXGroup;
			children = (
				DDD285111B1A80710087D5F9 /* Grabr.app */,
				DDD2852D1B1A80710087D5F9 /* GrabrTests.xctest */,
			);
			name = Products;
			sourceTree = "<group>";
		};
		DDD285131B1A80710087D5F9 /* Grabr */ = {
			isa = PBXGroup;
			children = (
				DDD285181B1A80710087D5F9 /* AppDelegate.h */,
				DDD285191B1A80710087D5F9 /* AppDelegate.m */,
				DDD2851B1B1A80710087D5F9 /* FirstViewController.h */,
				DDD2851C1B1A80710087D5F9 /* FirstViewController.m */,
				DDD2851E1B1A80710087D5F9 /* SecondViewController.h */,
				DDD2851F1B1A80710087D5F9 /* SecondViewController.m */,
				DDD285211B1A80710087D5F9 /* Main.storyboard */,
				DDD285241B1A80710087D5F9 /* Images.xcassets */,
				DDD285261B1A80710087D5F9 /* LaunchScreen.xib */,
				DDD285141B1A80710087D5F9 /* Supporting Files */,
			);
			path = Grabr;
			sourceTree = "<group>";
		};
		DDD285141B1A80710087D5F9 /* Supporting Files */ = {
			isa = PBXGroup;
			children = (
				DDD285151B1A80710087D5F9 /* Info.plist */,
				DDD285161B1A80710087D5F9 /* main.m */,
			);
			name = "Supporting Files";
			sourceTree = "<group>";
		};
		DDD285301B1A80710087D5F9 /* GrabrTests */ = {
			isa = PBXGroup;
			children = (
				DDD285331B1A80710087D5F9 /* GrabrTests.m */,
				DDD285311B1A80710087D5F9 /* Supporting Files */,
			);
			path = GrabrTests;
			sourceTree = "<group>";
		};
		DDD285311B1A80710087D5F9 /* Supporting Files */ = {
			isa = PBXGroup;
			children = (
				DDD285321B1A80710087D5F9 /* Info.plist */,
			);
			name = "Supporting Files";
			sourceTree = "<group>";
		};
/* End PBXGroup section */

/* Begin PBXNativeTarget section */
		DDD285101B1A80710087D5F9 /* Grabr */ = {
			isa = PBXNativeTarget;
			buildConfigurationList = DDD285371B1A80710087D5F9 /* Build configuration list for PBXNativeTarget "Grabr" */;
			buildPhases = (
				704BE24E42508FC991E9503E /* Check Pods Manifest.lock */,
				DDD2850D1B1A80710087D5F9 /* Sources */,
				DDD2850E1B1A80710087D5F9 /* Frameworks */,
				DDD2850F1B1A80710087D5F9 /* Resources */,
				E08CAEE472FD49C58EB84869 /* Copy Pods Resources */,
			);
			buildRules = (
			);
			dependencies = (
			);
			name = Grabr;
			productName = Grabr;
			productReference = DDD285111B1A80710087D5F9 /* Grabr.app */;
			productType = "com.apple.product-type.application";
		};
		DDD2852C1B1A80710087D5F9 /* GrabrTests */ = {
			isa = PBXNativeTarget;
			buildConfigurationList = DDD2853A1B1A80710087D5F9 /* Build configuration list for PBXNativeTarget "GrabrTests" */;
			buildPhases = (
				DDD285291B1A80710087D5F9 /* Sources */,
				DDD2852A1B1A80710087D5F9 /* Frameworks */,
				DDD2852B1B1A80710087D5F9 /* Resources */,
			);
			buildRules = (
			);
			dependencies = (
				DDD2852F1B1A80710087D5F9 /* PBXTargetDependency */,
			);
			name = GrabrTests;
			productName = GrabrTests;
			productReference = DDD2852D1B1A80710087D5F9 /* GrabrTests.xctest */;
			productType = "com.apple.product-type.bundle.unit-test";
		};
/* End PBXNativeTarget section */

/* Begin PBXProject section */
		DDD285091B1A80710087D5F9 /* Project object */ = {
			isa = PBXProject;
			attributes = {
				LastUpgradeCheck = 0630;
				ORGANIZATIONNAME = swayy;
				TargetAttributes = {
					DDD285101B1A80710087D5F9 = {
						CreatedOnToolsVersion = 6.3;
					};
					DDD2852C1B1A80710087D5F9 = {
						CreatedOnToolsVersion = 6.3;
						TestTargetID = DDD285101B1A80710087D5F9;
					};
				};
			};
			buildConfigurationList = DDD2850C1B1A80710087D5F9 /* Build configuration list for PBXProject "Grabr" */;
			compatibilityVersion = "Xcode 3.2";
			developmentRegion = English;
			hasScannedForEncodings = 0;
			knownRegions = (
				en,
				Base,
			);
			mainGroup = DDD285081B1A80710087D5F9;
			productRefGroup = DDD285121B1A80710087D5F9 /* Products */;
			projectDirPath = "";
			projectRoot = "";
			targets = (
				DDD285101B1A80710087D5F9 /* Grabr */,
				DDD2852C1B1A80710087D5F9 /* GrabrTests */,
			);
		};
/* End PBXProject section */

/* Begin PBXResourcesBuildPhase section */
		DDD2850F1B1A80710087D5F9 /* Resources */ = {
			isa = PBXResourcesBuildPhase;
			buildActionMask = 2147483647;
			files = (
				DDD285231B1A80710087D5F9 /* Main.storyboard in Resources */,
				DDD285281B1A80710087D5F9 /* LaunchScreen.xib in Resources */,
				DDD285251B1A80710087D5F9 /* Images.xcassets in Resources */,
			);
			runOnlyForDeploymentPostprocessing = 0;
		};
		DDD2852B1B1A80710087D5F9 /* Resources */ = {
			isa = PBXResourcesBuildPhase;
			buildActionMask = 2147483647;
			files = (
			);
			runOnlyForDeploymentPostprocessing = 0;
		};
/* End PBXResourcesBuildPhase section */

/* Begin PBXShellScriptBuildPhase section */
		704BE24E42508FC991E9503E /* Check Pods Manifest.lock */ = {
			isa = PBXShellScriptBuildPhase;
			buildActionMask = 2147483647;
			files = (
			);
			inputPaths = (
			);
			name = "Check Pods Manifest.lock";
			outputPaths = (
			);
			runOnlyForDeploymentPostprocessing = 0;
			shellPath = /bin/sh;
			shellScript = "diff \"${PODS_ROOT}/../Podfile.lock\" \"${PODS_ROOT}/Manifest.lock\" > /dev/null\nif [[ $? != 0 ]] ; then\n    cat << EOM\nerror: The sandbox is not in sync with the Podfile.lock. Run 'pod install' or update your CocoaPods installation.\nEOM\n    exit 1\nfi\n";
			showEnvVarsInLog = 0;
		};
		E08CAEE472FD49C58EB84869 /* Copy Pods Resources */ = {
			isa = PBXShellScriptBuildPhase;
			buildActionMask = 2147483647;
			files = (
			);
			inputPaths = (
			);
			name = "Copy Pods Resources";
			outputPaths = (
			);
			runOnlyForDeploymentPostprocessing = 0;
			shellPath = /bin/sh;
			shellScript = "\"${SRCROOT}/Pods/Target Support Files/Pods-Grabr/Pods-Grabr-resources.sh\"\n";
			showEnvVarsInLog = 0;
		};
/* End PBXShellScriptBuildPhase section */

/* Begin PBXSourcesBuildPhase section */
		DDD2850D1B1A80710087D5F9 /* Sources */ = {
			isa = PBXSourcesBuildPhase;
			buildActionMask = 2147483647;
			files = (
				DDD285201B1A80710087D5F9 /* SecondViewController.m in Sources */,
				DDD2851A1B1A80710087D5F9 /* AppDelegate.m in Sources */,
				DDD2851D1B1A80710087D5F9 /* FirstViewController.m in Sources */,
				DDD285171B1A80710087D5F9 /* main.m in Sources */,
			);
			runOnlyForDeploymentPostprocessing = 0;
		};
		DDD285291B1A80710087D5F9 /* Sources */ = {
			isa = PBXSourcesBuildPhase;
			buildActionMask = 2147483647;
			files = (
				DDD285341B1A80710087D5F9 /* GrabrTests.m in Sources */,
			);
			runOnlyForDeploymentPostprocessing = 0;
		};
/* End PBXSourcesBuildPhase section */

/* Begin PBXTargetDependency section */
		DDD2852F1B1A80710087D5F9 /* PBXTargetDependency */ = {
			isa = PBXTargetDependency;
			target = DDD285101B1A80710087D5F9 /* Grabr */;
			targetProxy = DDD2852E1B1A80710087D5F9 /* PBXContainerItemProxy */;
		};
/* End PBXTargetDependency section */

/* Begin PBXVariantGroup section */
		DDD285211B1A80710087D5F9 /* Main.storyboard */ = {
			isa = PBXVariantGroup;
			children = (
				DDD285221B1A80710087D5F9 /* Base */,
			);
			name = Main.storyboard;
			sourceTree = "<group>";
		};
		DDD285261B1A80710087D5F9 /* LaunchScreen.xib */ = {
			isa = PBXVariantGroup;
			children = (
				DDD285271B1A80710087D5F9 /* Base */,
			);
			name = LaunchScreen.xib;
			sourceTree = "<group>";
		};
/* End PBXVariantGroup section */

/* Begin XCBuildConfiguration section */
		DDD285351B1A80710087D5F9 /* Debug */ = {
			isa = XCBuildConfiguration;
			buildSettings = {
				ALWAYS_SEARCH_USER_PATHS = NO;
				CLANG_CXX_LANGUAGE_STANDARD = "gnu++0x";
				CLANG_CXX_LIBRARY = "libc++";
				CLANG_ENABLE_MODULES = YES;
				CLANG_ENABLE_OBJC_ARC = YES;
				CLANG_WARN_BOOL_CONVERSION = YES;
				CLANG_WARN_CONSTANT_CONVERSION = YES;
				CLANG_WARN_DIRECT_OBJC_ISA_USAGE = YES_ERROR;
				CLANG_WARN_EMPTY_BODY = YES;
				CLANG_WARN_ENUM_CONVERSION = YES;
				CLANG_WARN_INT_CONVERSION = YES;
				CLANG_WARN_OBJC_ROOT_CLASS = YES_ERROR;
				CLANG_WARN_UNREACHABLE_CODE = YES;
				CLANG_WARN__DUPLICATE_METHOD_MATCH = YES;
				"CODE_SIGN_IDENTITY[sdk=iphoneos*]" = "iPhone Developer";
				COPY_PHASE_STRIP = NO;
				DEBUG_INFORMATION_FORMAT = "dwarf-with-dsym";
				ENABLE_STRICT_OBJC_MSGSEND = YES;
				GCC_C_LANGUAGE_STANDARD = gnu99;
				GCC_DYNAMIC_NO_PIC = NO;
				GCC_NO_COMMON_BLOCKS = YES;
				GCC_OPTIMIZATION_LEVEL = 0;
				GCC_PREPROCESSOR_DEFINITIONS = (
					"DEBUG=1",
					"$(inherited)",
				);
				GCC_SYMBOLS_PRIVATE_EXTERN = NO;
				GCC_WARN_64_TO_32_BIT_CONVERSION = YES;
				GCC_WARN_ABOUT_RETURN_TYPE = YES_ERROR;
				GCC_WARN_UNDECLARED_SELECTOR = YES;
				GCC_WARN_UNINITIALIZED_AUTOS = YES_AGGRESSIVE;
				GCC_WARN_UNUSED_FUNCTION = YES;
				GCC_WARN_UNUSED_VARIABLE = YES;
				IPHONEOS_DEPLOYMENT_TARGET = 8.3;
				MTL_ENABLE_DEBUG_INFO = YES;
				ONLY_ACTIVE_ARCH = YES;
				SDKROOT = iphoneos;
				TARGETED_DEVICE_FAMILY = "1,2";
			};
			name = Debug;
		};
		DDD285361B1A80710087D5F9 /* Release */ = {
			isa = XCBuildConfiguration;
			buildSettings = {
				ALWAYS_SEARCH_USER_PATHS = NO;
				CLANG_CXX_LANGUAGE_STANDARD = "gnu++0x";
				CLANG_CXX_LIBRARY = "libc++";
				CLANG_ENABLE_MODULES = YES;
				CLANG_ENABLE_OBJC_ARC = YES;
				CLANG_WARN_BOOL_CONVERSION = YES;
				CLANG_WARN_CONSTANT_CONVERSION = YES;
				CLANG_WARN_DIRECT_OBJC_ISA_USAGE = YES_ERROR;
				CLANG_WARN_EMPTY_BODY = YES;
				CLANG_WARN_ENUM_CONVERSION = YES;
				CLANG_WARN_INT_CONVERSION = YES;
				CLANG_WARN_OBJC_ROOT_CLASS = YES_ERROR;
				CLANG_WARN_UNREACHABLE_CODE = YES;
				CLANG_WARN__DUPLICATE_METHOD_MATCH = YES;
				"CODE_SIGN_IDENTITY[sdk=iphoneos*]" = "iPhone Developer";
				COPY_PHASE_STRIP = NO;
				DEBUG_INFORMATION_FORMAT = "dwarf-with-dsym";
				ENABLE_NS_ASSERTIONS = NO;
				ENABLE_STRICT_OBJC_MSGSEND = YES;
				GCC_C_LANGUAGE_STANDARD = gnu99;
				GCC_NO_COMMON_BLOCKS = YES;
				GCC_WARN_64_TO_32_BIT_CONVERSION = YES;
				GCC_WARN_ABOUT_RETURN_TYPE = YES_ERROR;
				GCC_WARN_UNDECLARED_SELECTOR = YES;
				GCC_WARN_UNINITIALIZED_AUTOS = YES_AGGRESSIVE;
				GCC_WARN_UNUSED_FUNCTION = YES;
				GCC_WARN_UNUSED_VARIABLE = YES;
				IPHONEOS_DEPLOYMENT_TARGET = 8.3;
				MTL_ENABLE_DEBUG_INFO = NO;
				SDKROOT = iphoneos;
				TARGETED_DEVICE_FAMILY = "1,2";
				VALIDATE_PRODUCT = YES;
			};
			name = Release;
		};
		DDD285381B1A80710087D5F9 /* Debug */ = {
			isa = XCBuildConfiguration;
			baseConfigurationReference = 95CE73F5800CC160FF811019 /* Pods-Grabr.debug.xcconfig */;
			buildSettings = {
				ASSETCATALOG_COMPILER_APPICON_NAME = AppIcon;
				INFOPLIST_FILE = Grabr/Info.plist;
				LD_RUNPATH_SEARCH_PATHS = "$(inherited) @executable_path/Frameworks";
				PRODUCT_NAME = "$(TARGET_NAME)";
			};
			name = Debug;
		};
		DDD285391B1A80710087D5F9 /* Release */ = {
			isa = XCBuildConfiguration;
			baseConfigurationReference = EF00066539455BFC4EE5FEE2 /* Pods-Grabr.release.xcconfig */;
			buildSettings = {
				ASSETCATALOG_COMPILER_APPICON_NAME = AppIcon;
				INFOPLIST_FILE = Grabr/Info.plist;
				LD_RUNPATH_SEARCH_PATHS = "$(inherited) @executable_path/Frameworks";
				PRODUCT_NAME = "$(TARGET_NAME)";
			};
			name = Release;
		};
		DDD2853B1B1A80710087D5F9 /* Debug */ = {
			isa = XCBuildConfiguration;
			buildSettings = {
				BUNDLE_LOADER = "$(TEST_HOST)";
				FRAMEWORK_SEARCH_PATHS = (
					"$(SDKROOT)/Developer/Library/Frameworks",
					"$(inherited)",
				);
				GCC_PREPROCESSOR_DEFINITIONS = (
					"DEBUG=1",
					"$(inherited)",
				);
				INFOPLIST_FILE = GrabrTests/Info.plist;
				LD_RUNPATH_SEARCH_PATHS = "$(inherited) @executable_path/Frameworks @loader_path/Frameworks";
				PRODUCT_NAME = "$(TARGET_NAME)";
				TEST_HOST = "$(BUILT_PRODUCTS_DIR)/Grabr.app/Grabr";
			};
			name = Debug;
		};
		DDD2853C1B1A80710087D5F9 /* Release */ = {
			isa = XCBuildConfiguration;
			buildSettings = {
				BUNDLE_LOADER = "$(TEST_HOST)";
				FRAMEWORK_SEARCH_PATHS = (
					"$(SDKROOT)/Developer/Library/Frameworks",
					"$(inherited)",
				);
				INFOPLIST_FILE = GrabrTests/Info.plist;
				LD_RUNPATH_SEARCH_PATHS = "$(inherited) @executable_path/Frameworks @loader_path/Frameworks";
				PRODUCT_NAME = "$(TARGET_NAME)";
				TEST_HOST = "$(BUILT_PRODUCTS_DIR)/Grabr.app/Grabr";
			};
			name = Release;
		};
/* End XCBuildConfiguration section */

/* Begin XCConfigurationList section */
		DDD2850C1B1A80710087D5F9 /* Build configuration list for PBXProject "Grabr" */ = {
			isa = XCConfigurationList;
			buildConfigurations = (
				DDD285351B1A80710087D5F9 /* Debug */,
				DDD285361B1A80710087D5F9 /* Release */,
			);
			defaultConfigurationIsVisible = 0;
			defaultConfigurationName = Release;
		};
		DDD285371B1A80710087D5F9 /* Build configuration list for PBXNativeTarget "Grabr" */ = {
			isa = XCConfigurationList;
			buildConfigurations = (
				DDD285381B1A80710087D5F9 /* Debug */,
				DDD285391B1A80710087D5F9 /* Release */,
			);
			defaultConfigurationIsVisible = 0;
			defaultConfigurationName = Release;
		};
		DDD2853A1B1A80710087D5F9 /* Build configuration list for PBXNativeTarget "GrabrTests" */ = {
			isa = XCConfigurationList;
			buildConfigurations = (
				DDD2853B1B1A80710087D5F9 /* Debug */,
				DDD2853C1B1A80710087D5F9 /* Release */,
			);
			defaultConfigurationIsVisible = 0;
			defaultConfigurationName = Release;
		};
/* End XCConfigurationList section */
	};
	rootObject = DDD285091B1A80710087D5F9 /* Project object */;
}
